// !$*UTF8*$!
{
	archiveVersion = 1;
	classes = {
	};
	objectVersion = 48;
	objects = {

/* Begin PBXBuildFile section */
		3768EB001FF4172A00E8DEC6 /* AppDelegate.swift in Sources */ = {isa = PBXBuildFile; fileRef = 3768EAFF1FF4172A00E8DEC6 /* AppDelegate.swift */; };
		3768EB071FF4172A00E8DEC6 /* Assets.xcassets in Resources */ = {isa = PBXBuildFile; fileRef = 3768EB061FF4172A00E8DEC6 /* Assets.xcassets */; };
		3768EB0A1FF4172A00E8DEC6 /* LaunchScreen.storyboard in Resources */ = {isa = PBXBuildFile; fileRef = 3768EB081FF4172A00E8DEC6 /* LaunchScreen.storyboard */; };
/* End PBXBuildFile section */

/* Begin PBXFileReference section */
		3768EAFC1FF4172A00E8DEC6 /* Swift Bike.app */ = {isa = PBXFileReference; explicitFileType = wrapper.application; includeInIndex = 0; path = "Swift Bike.app"; sourceTree = BUILT_PRODUCTS_DIR; };
		3768EAFF1FF4172A00E8DEC6 /* AppDelegate.swift */ = {isa = PBXFileReference; lastKnownFileType = sourcecode.swift; path = AppDelegate.swift; sourceTree = "<group>"; };
		3768EB061FF4172A00E8DEC6 /* Assets.xcassets */ = {isa = PBXFileReference; lastKnownFileType = folder.assetcatalog; path = Assets.xcassets; sourceTree = "<group>"; };
		3768EB091FF4172A00E8DEC6 /* Base */ = {isa = PBXFileReference; lastKnownFileType = file.storyboard; name = Base; path = Base.lproj/LaunchScreen.storyboard; sourceTree = "<group>"; };
		3768EB0B1FF4172A00E8DEC6 /* Info.plist */ = {isa = PBXFileReference; lastKnownFileType = text.plist.xml; path = Info.plist; sourceTree = "<group>"; };
/* End PBXFileReference section */

/* Begin PBXFrameworksBuildPhase section */
		3768EAF91FF4172A00E8DEC6 /* Frameworks */ = {
			isa = PBXFrameworksBuildPhase;
			buildActionMask = 2147483647;
			files = (
			);
			runOnlyForDeploymentPostprocessing = 0;
		};
/* End PBXFrameworksBuildPhase section */

/* Begin PBXGroup section */
		3768EAF31FF4172A00E8DEC6 = {
			isa = PBXGroup;
			children = (
				3768EAFE1FF4172A00E8DEC6 /* Swift Bike */,
				3768EAFD1FF4172A00E8DEC6 /* Products */,
			);
			sourceTree = "<group>";
		};
		3768EAFD1FF4172A00E8DEC6 /* Products */ = {
			isa = PBXGroup;
			children = (
				3768EAFC1FF4172A00E8DEC6 /* Swift Bike.app */,
			);
			name = Products;
			sourceTree = "<group>";
		};
		3768EAFE1FF4172A00E8DEC6 /* Swift Bike */ = {
			isa = PBXGroup;
			children = (
				3768EAFF1FF4172A00E8DEC6 /* AppDelegate.swift */,
				3768EB1F1FF417C300E8DEC6 /* Helpers */,
				3768EB1D1FF417A300E8DEC6 /* Scenes */,
				3768EB1E1FF417B200E8DEC6 /* Stores */,
				3768EB201FF417CE00E8DEC6 /* Storyboards */,
				3768EB211FF417E400E8DEC6 /* Ressources */,
			);
			path = "Swift Bike";
			sourceTree = "<group>";
		};
		3768EB1D1FF417A300E8DEC6 /* Scenes */ = {
			isa = PBXGroup;
			children = (
			);
			path = Scenes;
			sourceTree = "<group>";
		};
		3768EB1E1FF417B200E8DEC6 /* Stores */ = {
			isa = PBXGroup;
			children = (
			);
			path = Stores;
			sourceTree = "<group>";
		};
		3768EB1F1FF417C300E8DEC6 /* Helpers */ = {
			isa = PBXGroup;
			children = (
			);
			path = Helpers;
			sourceTree = "<group>";
		};
		3768EB201FF417CE00E8DEC6 /* Storyboards */ = {
			isa = PBXGroup;
			children = (
				3768EB081FF4172A00E8DEC6 /* LaunchScreen.storyboard */,
			);
			path = Storyboards;
			sourceTree = "<group>";
		};
		3768EB211FF417E400E8DEC6 /* Ressources */ = {
			isa = PBXGroup;
			children = (
				3768EB061FF4172A00E8DEC6 /* Assets.xcassets */,
				3768EB0B1FF4172A00E8DEC6 /* Info.plist */,
			);
			path = Ressources;
			sourceTree = "<group>";
		};
/* End PBXGroup section */

/* Begin PBXNativeTarget section */
		3768EAFB1FF4172A00E8DEC6 /* Swift Bike */ = {
			isa = PBXNativeTarget;
			buildConfigurationList = 3768EB0E1FF4172A00E8DEC6 /* Build configuration list for PBXNativeTarget "Swift Bike" */;
			buildPhases = (
				3768EAF81FF4172A00E8DEC6 /* Sources */,
				3768EAF91FF4172A00E8DEC6 /* Frameworks */,
				3768EAFA1FF4172A00E8DEC6 /* Resources */,
			);
			buildRules = (
			);
			dependencies = (
			);
			name = "Swift Bike";
			productName = "Swift Bike";
			productReference = 3768EAFC1FF4172A00E8DEC6 /* Swift Bike.app */;
			productType = "com.apple.product-type.application";
		};
/* End PBXNativeTarget section */

/* Begin PBXProject section */
		3768EAF41FF4172A00E8DEC6 /* Project object */ = {
			isa = PBXProject;
			attributes = {
				LastSwiftUpdateCheck = 0910;
				LastUpgradeCheck = 0910;
				ORGANIZATIONNAME = "Nicolas Parimeros";
				TargetAttributes = {
					3768EAFB1FF4172A00E8DEC6 = {
						CreatedOnToolsVersion = 9.1;
						ProvisioningStyle = Automatic;
					};
				};
			};
			buildConfigurationList = 3768EAF71FF4172A00E8DEC6 /* Build configuration list for PBXProject "Swift Bike" */;
			compatibilityVersion = "Xcode 8.0";
			developmentRegion = en;
			hasScannedForEncodings = 0;
			knownRegions = (
				en,
				Base,
			);
			mainGroup = 3768EAF31FF4172A00E8DEC6;
			productRefGroup = 3768EAFD1FF4172A00E8DEC6 /* Products */;
			projectDirPath = "";
			projectRoot = "";
			targets = (
				3768EAFB1FF4172A00E8DEC6 /* Swift Bike */,
			);
		};
/* End PBXProject section */

/* Begin PBXResourcesBuildPhase section */
		3768EAFA1FF4172A00E8DEC6 /* Resources */ = {
			isa = PBXResourcesBuildPhase;
			buildActionMask = 2147483647;
			files = (
				3768EB0A1FF4172A00E8DEC6 /* LaunchScreen.storyboard in Resources */,
				3768EB071FF4172A00E8DEC6 /* Assets.xcassets in Resources */,
			);
			runOnlyForDeploymentPostprocessing = 0;
		};
/* End PBXResourcesBuildPhase section */

/* Begin PBXSourcesBuildPhase section */
		3768EAF81FF4172A00E8DEC6 /* Sources */ = {
			isa = PBXSourcesBuildPhase;
			buildActionMask = 2147483647;
			files = (
				3768EB001FF4172A00E8DEC6 /* AppDelegate.swift in Sources */,
			);
			runOnlyForDeploymentPostprocessing = 0;
		};
/* End PBXSourcesBuildPhase section */

/* Begin PBXVariantGroup section */
		3768EB081FF4172A00E8DEC6 /* LaunchScreen.storyboard */ = {
			isa = PBXVariantGroup;
			children = (
				3768EB091FF4172A00E8DEC6 /* Base */,
			);
			name = LaunchScreen.storyboard;
			sourceTree = "<group>";
		};
/* End PBXVariantGroup section */

/* Begin XCBuildConfiguration section */
		3768EB0C1FF4172A00E8DEC6 /* Debug */ = {
			isa = XCBuildConfiguration;
			buildSettings = {
				ALWAYS_SEARCH_USER_PATHS = NO;
				CLANG_ANALYZER_NONNULL = YES;
				CLANG_ANALYZER_NUMBER_OBJECT_CONVERSION = YES_AGGRESSIVE;
				CLANG_CXX_LANGUAGE_STANDARD = "gnu++14";
				CLANG_CXX_LIBRARY = "libc++";
				CLANG_ENABLE_MODULES = YES;
				CLANG_ENABLE_OBJC_ARC = YES;
				CLANG_WARN_BLOCK_CAPTURE_AUTORELEASING = YES;
				CLANG_WARN_BOOL_CONVERSION = YES;
				CLANG_WARN_COMMA = YES;
				CLANG_WARN_CONSTANT_CONVERSION = YES;
				CLANG_WARN_DIRECT_OBJC_ISA_USAGE = YES_ERROR;
				CLANG_WARN_DOCUMENTATION_COMMENTS = YES;
				CLANG_WARN_EMPTY_BODY = YES;
				CLANG_WARN_ENUM_CONVERSION = YES;
				CLANG_WARN_INFINITE_RECURSION = YES;
				CLANG_WARN_INT_CONVERSION = YES;
				CLANG_WARN_NON_LITERAL_NULL_CONVERSION = YES;
				CLANG_WARN_OBJC_LITERAL_CONVERSION = YES;
				CLANG_WARN_OBJC_ROOT_CLASS = YES_ERROR;
				CLANG_WARN_RANGE_LOOP_ANALYSIS = YES;
				CLANG_WARN_STRICT_PROTOTYPES = YES;
				CLANG_WARN_SUSPICIOUS_MOVE = YES;
				CLANG_WARN_UNGUARDED_AVAILABILITY = YES_AGGRESSIVE;
				CLANG_WARN_UNREACHABLE_CODE = YES;
				CLANG_WARN__DUPLICATE_METHOD_MATCH = YES;
				CODE_SIGN_IDENTITY = "iPhone Developer";
				COPY_PHASE_STRIP = NO;
				DEBUG_INFORMATION_FORMAT = dwarf;
				ENABLE_STRICT_OBJC_MSGSEND = YES;
				ENABLE_TESTABILITY = YES;
				GCC_C_LANGUAGE_STANDARD = gnu11;
				GCC_DYNAMIC_NO_PIC = NO;
				GCC_NO_COMMON_BLOCKS = YES;
				GCC_OPTIMIZATION_LEVEL = 0;
				GCC_PREPROCESSOR_DEFINITIONS = (
					"DEBUG=1",
					"$(inherited)",
				);
				GCC_WARN_64_TO_32_BIT_CONVERSION = YES;
				GCC_WARN_ABOUT_RETURN_TYPE = YES_ERROR;
				GCC_WARN_UNDECLARED_SELECTOR = YES;
				GCC_WARN_UNINITIALIZED_AUTOS = YES_AGGRESSIVE;
				GCC_WARN_UNUSED_FUNCTION = YES;
				GCC_WARN_UNUSED_VARIABLE = YES;
				IPHONEOS_DEPLOYMENT_TARGET = 11.1;
				MTL_ENABLE_DEBUG_INFO = YES;
				ONLY_ACTIVE_ARCH = YES;
				SDKROOT = iphoneos;
				SWIFT_ACTIVE_COMPILATION_CONDITIONS = DEBUG;
				SWIFT_OPTIMIZATION_LEVEL = "-Onone";
			};
			name = Debug;
		};
		3768EB0D1FF4172A00E8DEC6 /* Release */ = {
			isa = XCBuildConfiguration;
			buildSettings = {
				ALWAYS_SEARCH_USER_PATHS = NO;
				CLANG_ANALYZER_NONNULL = YES;
				CLANG_ANALYZER_NUMBER_OBJECT_CONVERSION = YES_AGGRESSIVE;
				CLANG_CXX_LANGUAGE_STANDARD = "gnu++14";
				CLANG_CXX_LIBRARY = "libc++";
				CLANG_ENABLE_MODULES = YES;
				CLANG_ENABLE_OBJC_ARC = YES;
				CLANG_WARN_BLOCK_CAPTURE_AUTORELEASING = YES;
				CLANG_WARN_BOOL_CONVERSION = YES;
				CLANG_WARN_COMMA = YES;
				CLANG_WARN_CONSTANT_CONVERSION = YES;
				CLANG_WARN_DIRECT_OBJC_ISA_USAGE = YES_ERROR;
				CLANG_WARN_DOCUMENTATION_COMMENTS = YES;
				CLANG_WARN_EMPTY_BODY = YES;
				CLANG_WARN_ENUM_CONVERSION = YES;
				CLANG_WARN_INFINITE_RECURSION = YES;
				CLANG_WARN_INT_CONVERSION = YES;
				CLANG_WARN_NON_LITERAL_NULL_CONVERSION = YES;
				CLANG_WARN_OBJC_LITERAL_CONVERSION = YES;
				CLANG_WARN_OBJC_ROOT_CLASS = YES_ERROR;
				CLANG_WARN_RANGE_LOOP_ANALYSIS = YES;
				CLANG_WARN_STRICT_PROTOTYPES = YES;
				CLANG_WARN_SUSPICIOUS_MOVE = YES;
				CLANG_WARN_UNGUARDED_AVAILABILITY = YES_AGGRESSIVE;
				CLANG_WARN_UNREACHABLE_CODE = YES;
				CLANG_WARN__DUPLICATE_METHOD_MATCH = YES;
				CODE_SIGN_IDENTITY = "iPhone Developer";
				COPY_PHASE_STRIP = NO;
				DEBUG_INFORMATION_FORMAT = "dwarf-with-dsym";
				ENABLE_NS_ASSERTIONS = NO;
				ENABLE_STRICT_OBJC_MSGSEND = YES;
				GCC_C_LANGUAGE_STANDARD = gnu11;
				GCC_NO_COMMON_BLOCKS = YES;
				GCC_WARN_64_TO_32_BIT_CONVERSION = YES;
				GCC_WARN_ABOUT_RETURN_TYPE = YES_ERROR;
				GCC_WARN_UNDECLARED_SELECTOR = YES;
				GCC_WARN_UNINITIALIZED_AUTOS = YES_AGGRESSIVE;
				GCC_WARN_UNUSED_FUNCTION = YES;
				GCC_WARN_UNUSED_VARIABLE = YES;
				IPHONEOS_DEPLOYMENT_TARGET = 11.1;
				MTL_ENABLE_DEBUG_INFO = NO;
				SDKROOT = iphoneos;
				SWIFT_OPTIMIZATION_LEVEL = "-Owholemodule";
				VALIDATE_PRODUCT = YES;
			};
			name = Release;
		};
		3768EB0F1FF4172A00E8DEC6 /* Debug */ = {
			isa = XCBuildConfiguration;
			buildSettings = {
				ASSETCATALOG_COMPILER_APPICON_NAME = AppIcon;
				CODE_SIGN_STYLE = Automatic;
				DEVELOPMENT_TEAM = 4966YWZR22;
				INFOPLIST_FILE = "Swift Bike/Ressources/Info.plist";
				LD_RUNPATH_SEARCH_PATHS = "$(inherited) @executable_path/Frameworks";
				PRODUCT_BUNDLE_IDENTIFIER = "fr.parimeros-nicolas.Swift-Bike";
				PRODUCT_NAME = "$(TARGET_NAME)";
				SWIFT_VERSION = 4.0;
				TARGETED_DEVICE_FAMILY = "1,2";
			};
			name = Debug;
		};
		3768EB101FF4172A00E8DEC6 /* Release */ = {
			isa = XCBuildConfiguration;
			buildSettings = {
				ASSETCATALOG_COMPILER_APPICON_NAME = AppIcon;
				CODE_SIGN_STYLE = Automatic;
				DEVELOPMENT_TEAM = 4966YWZR22;
				INFOPLIST_FILE = "Swift Bike/Ressources/Info.plist";
				LD_RUNPATH_SEARCH_PATHS = "$(inherited) @executable_path/Frameworks";
				PRODUCT_BUNDLE_IDENTIFIER = "fr.parimeros-nicolas.Swift-Bike";
				PRODUCT_NAME = "$(TARGET_NAME)";
				SWIFT_VERSION = 4.0;
				TARGETED_DEVICE_FAMILY = "1,2";
			};
			name = Release;
		};
/* End XCBuildConfiguration section */

/* Begin XCConfigurationList section */
		3768EAF71FF4172A00E8DEC6 /* Build configuration list for PBXProject "Swift Bike" */ = {
			isa = XCConfigurationList;
			buildConfigurations = (
				3768EB0C1FF4172A00E8DEC6 /* Debug */,
				3768EB0D1FF4172A00E8DEC6 /* Release */,
			);
			defaultConfigurationIsVisible = 0;
			defaultConfigurationName = Release;
		};
		3768EB0E1FF4172A00E8DEC6 /* Build configuration list for PBXNativeTarget "Swift Bike" */ = {
			isa = XCConfigurationList;
			buildConfigurations = (
				3768EB0F1FF4172A00E8DEC6 /* Debug */,
				3768EB101FF4172A00E8DEC6 /* Release */,
			);
			defaultConfigurationIsVisible = 0;
			defaultConfigurationName = Release;
		};
/* End XCConfigurationList section */
	};
	rootObject = 3768EAF41FF4172A00E8DEC6 /* Project object */;
}
